
Microsoft Visual Studio Solution File, Format Version 12.00
# Visual Studio Version 16
VisualStudioVersion = 16.0.32413.511
MinimumVisualStudioVersion = 10.0.40219.1
Project("{FAE04EC0-301F-11D3-BF4B-00C04F79EFBC}") = "UIPrincipal", "UIPrincipal\UIPrincipal.csproj", "{971A597B-737A-427E-AC96-0CF97521E3EE}"
EndProject
Project("{FAE04EC0-301F-11D3-BF4B-00C04F79EFBC}") = "Model", "Model\Model.csproj", "{9CE3352D-9EFF-4E95-AC73-BDAA42A029CE}"
EndProject
Project("{FAE04EC0-301F-11D3-BF4B-00C04F79EFBC}") = "BLL", "BLL\BLL.csproj", "{655BC144-8286-4F7A-B9F4-EEB1DFC8C1B1}"
EndProject
Global
	GlobalSection(SolutionConfigurationPlatforms) = preSolution
		Debug|Any CPU = Debug|Any CPU
		Release|Any CPU = Release|Any CPU
	EndGlobalSection
	GlobalSection(ProjectConfigurationPlatforms) = postSolution
		{971A597B-737A-427E-AC96-0CF97521E3EE}.Debug|Any CPU.ActiveCfg = Debug|Any CPU
		{971A597B-737A-427E-AC96-0CF97521E3EE}.Debug|Any CPU.Build.0 = Debug|Any CPU
		{971A597B-737A-427E-AC96-0CF97521E3EE}.Release|Any CPU.ActiveCfg = Release|Any CPU
		{971A597B-737A-427E-AC96-0CF97521E3EE}.Release|Any CPU.Build.0 = Release|Any CPU
		{9CE3352D-9EFF-4E95-AC73-BDAA42A029CE}.Debug|Any CPU.ActiveCfg = Debug|Any CPU
		{9CE3352D-9EFF-4E95-AC73-BDAA42A029CE}.Debug|Any CPU.Build.0 = Debug|Any CPU
		{9CE3352D-9EFF-4E95-AC73-BDAA42A029CE}.Release|Any CPU.ActiveCfg = Release|Any CPU
		{9CE3352D-9EFF-4E95-AC73-BDAA42A029CE}.Release|Any CPU.Build.0 = Release|Any CPU
		{655BC144-8286-4F7A-B9F4-EEB1DFC8C1B1}.Debug|Any CPU.ActiveCfg = Debug|Any CPU
		{655BC144-8286-4F7A-B9F4-EEB1DFC8C1B1}.Debug|Any CPU.Build.0 = Debug|Any CPU
		{655BC144-8286-4F7A-B9F4-EEB1DFC8C1B1}.Release|Any CPU.ActiveCfg = Release|Any CPU
		{655BC144-8286-4F7A-B9F4-EEB1DFC8C1B1}.Release|Any CPU.Build.0 = Release|Any CPU
	EndGlobalSection
	GlobalSection(SolutionProperties) = preSolution
		HideSolutionNode = FALSE
	EndGlobalSection
	GlobalSection(ExtensibilityGlobals) = postSolution
		SolutionGuid = {B0758E89-3F16-493E-A85D-1E185D116A8D}
	EndGlobalSection
EndGlobal
